PODS:
  - pop (1.0.12)
  - XHRealTimeBlur (1.7)

DEPENDENCIES:
  - pop
  - XHRealTimeBlur

SPEC REPOS:
  https://github.com/CocoaPods/Specs.git:
    - pop
    - XHRealTimeBlur

SPEC CHECKSUMS:
  pop: d582054913807fd11fd50bfe6a539d91c7e1a55a
  XHRealTimeBlur: 661fadd5691ba2d349758e8fd5fbdb499ac55f8c

PODFILE CHECKSUM: a7c1b7122afb6ac874274ae124c4ef4e8c816f63

COCOAPODS: 1.8.4
